{
  "nodes": {
    "nixpkgs": {
      "locked": {
        "lastModified": 1713964598,
        "narHash": "sha256-p+CXCrOuWFVBpjaknbpenkxdYt097mOI4VBMqlHv46E=",
        "owner": "nixos",
        "repo": "nixpkgs",
        "rev": "4f6ebb60e63f3ccd1024eb2f31e653d2fe03fa66",
        "type": "github"
      },
      "original": {
        "owner": "nixos",
        "repo": "nixpkgs",
        "rev": "4f6ebb60e63f3ccd1024eb2f31e653d2fe03fa66",
        "type": "github"
      }
    },
    "root": {
      "inputs": {
        "nixpkgs": "nixpkgs"
      }
    }
  },
  "root": "root",
  "version": 7
}
