{
  "nodes": {
    "nixpkgs": {
      "locked": {
        "lastModified": 1699948764,
        "narHash": "sha256-etefGjZwNF58NmFusFI/4i645HB4ymODXTvWRKOYBA4=",
        "owner": "nixos",
        "repo": "nixpkgs",
        "rev": "4f2bd72692b1aae0a6db485ed3a83d1a933c2cac",
        "type": "github"
      },
      "original": {
        "owner": "nixos",
        "repo": "nixpkgs",
        "rev": "4f2bd72692b1aae0a6db485ed3a83d1a933c2cac",
        "type": "github"
      }
    },
    "root": {
      "inputs": {
        "nixpkgs": "nixpkgs"
      }
    }
  },
  "root": "root",
  "version": 7
}
