{
  "nodes": {
    "flake-utils": {
      "locked": {
        "lastModified": 1667395993,
        "narHash": "sha256-nuEHfE/LcWyuSWnS8t12N1wc105Qtau+/OdUAjtQ0rA=",
        "owner": "numtide",
        "repo": "flake-utils",
        "rev": "5aed5285a952e0b949eb3ba02c12fa4fcfef535f",
        "type": "github"
      },
      "original": {
        "owner": "numtide",
        "repo": "flake-utils",
        "type": "github"
      }
    },
    "nixpkgs": {
      "locked": {
        "lastModified": 1672057183,
        "narHash": "sha256-GN7/10DNNvs1FPj9tlZA2qgNdFuYKKuS3qlHTqAxasQ=",
        "owner": "NixOS",
        "repo": "nixpkgs",
        "rev": "b139e44d78c36c69bcbb825b20dbfa51e7738347",
        "type": "github"
      },
      "original": {
        "owner": "NixOS",
        "repo": "nixpkgs",
        "rev": "b139e44d78c36c69bcbb825b20dbfa51e7738347",
        "type": "github"
      }
    },
    "nixpkgs_ghc884": {
      "locked": {
        "lastModified": 1616670887,
        "narHash": "sha256-wn+l9qJfR5sj5Gq4DheJHAcBDfOs9K2p9seW2f35xzs=",
        "owner": "NixOS",
        "repo": "nixpkgs",
        "rev": "c0e881852006b132236cbf0301bd1939bb50867e",
        "type": "github"
      },
      "original": {
        "owner": "NixOS",
        "repo": "nixpkgs",
        "rev": "c0e881852006b132236cbf0301bd1939bb50867e",
        "type": "github"
      }
    },
    "nixpkgs_nmd": {
      "locked": {
        "lastModified": 1650701402,
        "narHash": "sha256-XKfstdtqDg+O+gNBx1yGVKWIhLgfEDg/e2lvJSsp9vU=",
        "owner": "NixOS",
        "repo": "nixpkgs",
        "rev": "bc41b01dd7a9fdffd32d9b03806798797532a5fe",
        "type": "github"
      },
      "original": {
        "owner": "NixOS",
        "repo": "nixpkgs",
        "rev": "bc41b01dd7a9fdffd32d9b03806798797532a5fe",
        "type": "github"
      }
    },
    "nmd": {
      "flake": false,
      "locked": {
        "lastModified": 1666190571,
        "narHash": "sha256-Z1hc7M9X6L+H83o9vOprijpzhTfOBjd0KmUTnpHAVjA=",
        "ref": "refs/heads/master",
        "rev": "b75d312b4f33bd3294cd8ae5c2ca8c6da2afc169",
        "revCount": 35,
        "type": "git",
        "url": "https://gitlab.com/rycee/nmd"
      },
      "original": {
        "type": "git",
        "url": "https://gitlab.com/rycee/nmd"
      }
    },
    "obelisk": {
      "flake": false,
      "locked": {
        "lastModified": 1650800768,
        "narHash": "sha256-bBr61MzVFyIMpsri8inOPxCHSL1ogFbpb3uGS7pZ+X0=",
        "owner": "tek",
        "repo": "obelisk",
        "rev": "7991b4d86be0ae04e22bcbe91607d99eb113c2c2",
        "type": "github"
      },
      "original": {
        "owner": "tek",
        "ref": "ghc9",
        "repo": "obelisk",
        "type": "github"
      }
    },
    "root": {
      "inputs": {
        "flake-utils": "flake-utils",
        "nixpkgs": "nixpkgs",
        "nixpkgs_ghc8107": [
          "nixpkgs"
        ],
        "nixpkgs_ghc884": "nixpkgs_ghc884",
        "nixpkgs_ghc902": [
          "nixpkgs"
        ],
        "nixpkgs_ghc924": [
          "nixpkgs"
        ],
        "nixpkgs_ghc943": [
          "nixpkgs"
        ],
        "nixpkgs_nmd": "nixpkgs_nmd",
        "nmd": "nmd",
        "obelisk": "obelisk",
        "thax": "thax"
      }
    },
    "thax": {
      "locked": {
        "lastModified": 1650770034,
        "narHash": "sha256-OI4dxtNKgXogHBwYnNAfDABhHEcmWiBkkboZ+cCfyzk=",
        "owner": "tek",
        "repo": "thax",
        "rev": "dc0025eebaba4ad97fcf48b68c14c8901d90daa5",
        "type": "github"
      },
      "original": {
        "owner": "tek",
        "repo": "thax",
        "type": "github"
      }
    }
  },
  "root": "root",
  "version": 7
}
