{
  "nodes": {
    "flake-utils": {
      "locked": {
        "lastModified": 1678901627,
        "narHash": "sha256-U02riOqrKKzwjsxc/400XnElV+UtPUQWpANPlyazjH0=",
        "owner": "numtide",
        "repo": "flake-utils",
        "rev": "93a2b84fc4b70d9e089d029deacc3583435c2ed6",
        "type": "github"
      },
      "original": {
        "owner": "numtide",
        "repo": "flake-utils",
        "type": "github"
      }
    },
    "hix": {
      "inputs": {
        "flake-utils": "flake-utils",
        "nixpkgs": "nixpkgs",
        "nixpkgs_internal": "nixpkgs_internal",
        "thax": "thax"
      },
      "locked": {
        "lastModified": 1680707774,
        "narHash": "sha256-9ZAB8dedTSTwVX2u4EDQysgzulYsixJPyRxsdhFt7pU=",
        "owner": "tek",
        "repo": "hix",
        "rev": "86e84678943eafd59f03cf661c9df7564c2eede1",
        "type": "github"
      },
      "original": {
        "owner": "tek",
        "ref": "release/0.2.0.0",
        "repo": "hix",
        "type": "github"
      }
    },
    "nixpkgs": {
      "locked": {
        "lastModified": 1672057183,
        "narHash": "sha256-GN7/10DNNvs1FPj9tlZA2qgNdFuYKKuS3qlHTqAxasQ=",
        "owner": "NixOS",
        "repo": "nixpkgs",
        "rev": "b139e44d78c36c69bcbb825b20dbfa51e7738347",
        "type": "github"
      },
      "original": {
        "owner": "NixOS",
        "repo": "nixpkgs",
        "rev": "b139e44d78c36c69bcbb825b20dbfa51e7738347",
        "type": "github"
      }
    },
    "nixpkgs_internal": {
      "locked": {
        "lastModified": 1679109242,
        "narHash": "sha256-m5g2jauKuB6SB2u9eQ4CXSfNhW6Yb0l6lZO1zTIVJpo=",
        "owner": "NixOS",
        "repo": "nixpkgs",
        "rev": "f012515eb23bcda6a18ee606b7071dd0b2740d66",
        "type": "github"
      },
      "original": {
        "owner": "NixOS",
        "repo": "nixpkgs",
        "rev": "f012515eb23bcda6a18ee606b7071dd0b2740d66",
        "type": "github"
      }
    },
    "root": {
      "inputs": {
        "hix": "hix"
      }
    },
    "thax": {
      "locked": {
        "lastModified": 1677960812,
        "narHash": "sha256-FYkZZVTMBo0dtqPr73tadUz+69jgQBo2S4qKOxTGWZ4=",
        "owner": "tek",
        "repo": "thax",
        "rev": "4b4f68d0232e1f707d97bbcaab0d5534b97ba94f",
        "type": "github"
      },
      "original": {
        "owner": "tek",
        "repo": "thax",
        "type": "github"
      }
    }
  },
  "root": "root",
  "version": 7
}
